
Microsoft Visual Studio Solution File, Format Version 12.00
# Visual Studio Version 17
VisualStudioVersion = 17.0.32014.148
MinimumVisualStudioVersion = 10.0.40219.1
Project("{8BC9CEB8-8B4A-11D0-8D11-00A0C91BC942}") = "OpenGLShadowsExec", "OpenGLShadowsExec\OpenGLShadowsExec.vcxproj", "{007C720A-112C-4A48-A739-AAD6D0E4E367}"
EndProject
Project("{8BC9CEB8-8B4A-11D0-8D11-00A0C91BC942}") = "OpenGLShadowsLib", "OpenGLShadowsLib\OpenGLShadowsLib.vcxitems", "{2BDD08AE-0260-4A7B-B850-4B65EE95B030}"
EndProject
Project("{8BC9CEB8-8B4A-11D0-8D11-00A0C91BC942}") = "ImGui", "ImGui\ImGui.vcxitems", "{EEAB89B3-BA21-4473-B20E-60ABC3E038B5}"
EndProject
Project("{8BC9CEB8-8B4A-11D0-8D11-00A0C91BC942}") = "Glad", "Glad\Glad.vcxitems", "{B2CD12D8-9824-4FA9-89E6-4115949C3DFF}"
EndProject
Project("{2150E333-8FDC-42A3-9474-1A3956D46DE8}") = "Shaders", "Shaders", "{F351FF80-23EA-4235-8027-8005FF5695A9}"
	ProjectSection(SolutionItems) = preProject
		Resources\Shaders\Depth.frag = Resources\Shaders\Depth.frag
		Resources\Shaders\DepthDir.vert = Resources\Shaders\DepthDir.vert
		Resources\Shaders\DepthSpot.vert = Resources\Shaders\DepthSpot.vert
		Resources\Shaders\DepthVSM.frag = Resources\Shaders\DepthVSM.frag
		Resources\Shaders\DirPenumbra.frag = Resources\Shaders\DirPenumbra.frag
		Resources\Shaders\DirPenumbra.vert = Resources\Shaders\DirPenumbra.vert
		Resources\Shaders\GaussianBlur.frag = Resources\Shaders\GaussianBlur.frag
		Resources\Shaders\LightStructs.glsl = Resources\Shaders\LightStructs.glsl
		Resources\Shaders\Material.frag = Resources\Shaders\Material.frag
		Resources\Shaders\Material.vert = Resources\Shaders\Material.vert
		Resources\Shaders\PBRFunctions.glsl = Resources\Shaders\PBRFunctions.glsl
		Resources\Shaders\PostProcess.frag = Resources\Shaders\PostProcess.frag
		Resources\Shaders\PostProcess.vert = Resources\Shaders\PostProcess.vert
		Resources\Shaders\ShadowCalculations.glsl = Resources\Shaders\ShadowCalculations.glsl
		Resources\Shaders\ShadowOnly.frag = Resources\Shaders\ShadowOnly.frag
		Resources\Shaders\ShadowOnly.vert = Resources\Shaders\ShadowOnly.vert
		Resources\Shaders\ShadowVariants.glsl = Resources\Shaders\ShadowVariants.glsl
		Resources\Shaders\SpotPenumbra.frag = Resources\Shaders\SpotPenumbra.frag
		Resources\Shaders\SpotPenumbra.vert = Resources\Shaders\SpotPenumbra.vert
		Resources\Shaders\SsboIgn.glsl = Resources\Shaders\SsboIgn.glsl
		Resources\Shaders\Texture.frag = Resources\Shaders\Texture.frag
		Resources\Shaders\Texture.vert = Resources\Shaders\Texture.vert
		Resources\Shaders\UboLights.glsl = Resources\Shaders\UboLights.glsl
		Resources\Shaders\UboMaterial.glsl = Resources\Shaders\UboMaterial.glsl
		Resources\Shaders\UboMvp.glsl = Resources\Shaders\UboMvp.glsl
		Resources\Shaders\UboWindow.glsl = Resources\Shaders\UboWindow.glsl
	EndProjectSection
EndProject
Global
	GlobalSection(SolutionConfigurationPlatforms) = preSolution
		Debug Basic|x64 = Debug Basic|x64
		Debug CHSS|x64 = Debug CHSS|x64
		Debug Master|x64 = Debug Master|x64
		Debug PCF|x64 = Debug PCF|x64
		Debug PCSS|x64 = Debug PCSS|x64
		Debug VSM|x64 = Debug VSM|x64
		Release Basic (shadows only)|x64 = Release Basic (shadows only)|x64
		Release Basic|x64 = Release Basic|x64
		Release CHSS (shadows only)|x64 = Release CHSS (shadows only)|x64
		Release CHSS|x64 = Release CHSS|x64
		Release Master (shadows only)|x64 = Release Master (shadows only)|x64
		Release Master|x64 = Release Master|x64
		Release PCF (shadows only)|x64 = Release PCF (shadows only)|x64
		Release PCF|x64 = Release PCF|x64
		Release PCSS (shadows only)|x64 = Release PCSS (shadows only)|x64
		Release PCSS|x64 = Release PCSS|x64
		Release VSM (shadows only)|x64 = Release VSM (shadows only)|x64
		Release VSM|x64 = Release VSM|x64
	EndGlobalSection
	GlobalSection(ProjectConfigurationPlatforms) = postSolution
		{007C720A-112C-4A48-A739-AAD6D0E4E367}.Debug Basic|x64.ActiveCfg = Debug Basic|x64
		{007C720A-112C-4A48-A739-AAD6D0E4E367}.Debug Basic|x64.Build.0 = Debug Basic|x64
		{007C720A-112C-4A48-A739-AAD6D0E4E367}.Debug CHSS|x64.ActiveCfg = Debug CHSS|x64
		{007C720A-112C-4A48-A739-AAD6D0E4E367}.Debug CHSS|x64.Build.0 = Debug CHSS|x64
		{007C720A-112C-4A48-A739-AAD6D0E4E367}.Debug Master|x64.ActiveCfg = Debug Master|x64
		{007C720A-112C-4A48-A739-AAD6D0E4E367}.Debug Master|x64.Build.0 = Debug Master|x64
		{007C720A-112C-4A48-A739-AAD6D0E4E367}.Debug PCF|x64.ActiveCfg = Debug PCF|x64
		{007C720A-112C-4A48-A739-AAD6D0E4E367}.Debug PCF|x64.Build.0 = Debug PCF|x64
		{007C720A-112C-4A48-A739-AAD6D0E4E367}.Debug PCSS|x64.ActiveCfg = Debug PCSS|x64
		{007C720A-112C-4A48-A739-AAD6D0E4E367}.Debug PCSS|x64.Build.0 = Debug PCSS|x64
		{007C720A-112C-4A48-A739-AAD6D0E4E367}.Debug VSM|x64.ActiveCfg = Debug VSM|x64
		{007C720A-112C-4A48-A739-AAD6D0E4E367}.Debug VSM|x64.Build.0 = Debug VSM|x64
		{007C720A-112C-4A48-A739-AAD6D0E4E367}.Release Basic (shadows only)|x64.ActiveCfg = Release Basic (shadows only)|x64
		{007C720A-112C-4A48-A739-AAD6D0E4E367}.Release Basic (shadows only)|x64.Build.0 = Release Basic (shadows only)|x64
		{007C720A-112C-4A48-A739-AAD6D0E4E367}.Release Basic|x64.ActiveCfg = Release Basic|x64
		{007C720A-112C-4A48-A739-AAD6D0E4E367}.Release Basic|x64.Build.0 = Release Basic|x64
		{007C720A-112C-4A48-A739-AAD6D0E4E367}.Release CHSS (shadows only)|x64.ActiveCfg = Release CHSS (shadows only)|x64
		{007C720A-112C-4A48-A739-AAD6D0E4E367}.Release CHSS (shadows only)|x64.Build.0 = Release CHSS (shadows only)|x64
		{007C720A-112C-4A48-A739-AAD6D0E4E367}.Release CHSS|x64.ActiveCfg = Release CHSS|x64
		{007C720A-112C-4A48-A739-AAD6D0E4E367}.Release CHSS|x64.Build.0 = Release CHSS|x64
		{007C720A-112C-4A48-A739-AAD6D0E4E367}.Release Master (shadows only)|x64.ActiveCfg = Release Master (shadows only)|x64
		{007C720A-112C-4A48-A739-AAD6D0E4E367}.Release Master (shadows only)|x64.Build.0 = Release Master (shadows only)|x64
		{007C720A-112C-4A48-A739-AAD6D0E4E367}.Release Master|x64.ActiveCfg = Release Master|x64
		{007C720A-112C-4A48-A739-AAD6D0E4E367}.Release Master|x64.Build.0 = Release Master|x64
		{007C720A-112C-4A48-A739-AAD6D0E4E367}.Release PCF (shadows only)|x64.ActiveCfg = Release PCF (shadows only)|x64
		{007C720A-112C-4A48-A739-AAD6D0E4E367}.Release PCF (shadows only)|x64.Build.0 = Release PCF (shadows only)|x64
		{007C720A-112C-4A48-A739-AAD6D0E4E367}.Release PCF|x64.ActiveCfg = Release PCF|x64
		{007C720A-112C-4A48-A739-AAD6D0E4E367}.Release PCF|x64.Build.0 = Release PCF|x64
		{007C720A-112C-4A48-A739-AAD6D0E4E367}.Release PCSS (shadows only)|x64.ActiveCfg = Release PCSS (shadows only)|x64
		{007C720A-112C-4A48-A739-AAD6D0E4E367}.Release PCSS (shadows only)|x64.Build.0 = Release PCSS (shadows only)|x64
		{007C720A-112C-4A48-A739-AAD6D0E4E367}.Release PCSS|x64.ActiveCfg = Release PCSS|x64
		{007C720A-112C-4A48-A739-AAD6D0E4E367}.Release PCSS|x64.Build.0 = Release PCSS|x64
		{007C720A-112C-4A48-A739-AAD6D0E4E367}.Release VSM (shadows only)|x64.ActiveCfg = Release VSM (shadows only)|x64
		{007C720A-112C-4A48-A739-AAD6D0E4E367}.Release VSM (shadows only)|x64.Build.0 = Release VSM (shadows only)|x64
		{007C720A-112C-4A48-A739-AAD6D0E4E367}.Release VSM|x64.ActiveCfg = Release VSM|x64
		{007C720A-112C-4A48-A739-AAD6D0E4E367}.Release VSM|x64.Build.0 = Release VSM|x64
	EndGlobalSection
	GlobalSection(SolutionProperties) = preSolution
		HideSolutionNode = FALSE
	EndGlobalSection
	GlobalSection(ExtensibilityGlobals) = postSolution
		SolutionGuid = {E215E8CA-E2E4-46EA-8377-257BF360D42D}
	EndGlobalSection
	GlobalSection(SharedMSBuildProjectFiles) = preSolution
		Glad\Glad.vcxitems*{007c720a-112c-4a48-a739-aad6d0e4e367}*SharedItemsImports = 4
		ImGui\ImGui.vcxitems*{007c720a-112c-4a48-a739-aad6d0e4e367}*SharedItemsImports = 4
		OpenGLShadowsLib\OpenGLShadowsLib.vcxitems*{007c720a-112c-4a48-a739-aad6d0e4e367}*SharedItemsImports = 4
		OpenGLShadowsLib\OpenGLShadowsLib.vcxitems*{2bdd08ae-0260-4a7b-b850-4b65ee95b030}*SharedItemsImports = 9
		Glad\Glad.vcxitems*{b2cd12d8-9824-4fa9-89e6-4115949c3dff}*SharedItemsImports = 9
		ImGui\ImGui.vcxitems*{eeab89b3-ba21-4473-b20e-60abc3e038b5}*SharedItemsImports = 9
	EndGlobalSection
EndGlobal
